// !$*UTF8*$!
{
	archiveVersion = 1;
	classes = {
	};
	objectVersion = 50;
	objects = {

/* Begin PBXBuildFile section */
		ED286A5622C6C09E00DA2216 /* AppDelegate.swift in Sources */ = {isa = PBXBuildFile; fileRef = ED286A5522C6C09E00DA2216 /* AppDelegate.swift */; };
		ED286A5822C6C09F00DA2216 /* HomeViewController.swift in Sources */ = {isa = PBXBuildFile; fileRef = ED286A5722C6C09F00DA2216 /* HomeViewController.swift */; };
		ED286A5B22C6C09F00DA2216 /* Main.storyboard in Resources */ = {isa = PBXBuildFile; fileRef = ED286A5922C6C09F00DA2216 /* Main.storyboard */; };
		ED286A5D22C6C0A000DA2216 /* Assets.xcassets in Resources */ = {isa = PBXBuildFile; fileRef = ED286A5C22C6C0A000DA2216 /* Assets.xcassets */; };
		ED286A6022C6C0A000DA2216 /* LaunchScreen.storyboard in Resources */ = {isa = PBXBuildFile; fileRef = ED286A5E22C6C0A000DA2216 /* LaunchScreen.storyboard */; };
		ED286A6822C6C2B800DA2216 /* SnakeyTableCell.swift in Sources */ = {isa = PBXBuildFile; fileRef = ED286A6722C6C2B800DA2216 /* SnakeyTableCell.swift */; };
/* End PBXBuildFile section */

/* Begin PBXFileReference section */
		ED286A5222C6C09E00DA2216 /* SnakeyTable.app */ = {isa = PBXFileReference; explicitFileType = wrapper.application; includeInIndex = 0; path = SnakeyTable.app; sourceTree = BUILT_PRODUCTS_DIR; };
		ED286A5522C6C09E00DA2216 /* AppDelegate.swift */ = {isa = PBXFileReference; lastKnownFileType = sourcecode.swift; path = AppDelegate.swift; sourceTree = "<group>"; };
		ED286A5722C6C09F00DA2216 /* HomeViewController.swift */ = {isa = PBXFileReference; lastKnownFileType = sourcecode.swift; path = HomeViewController.swift; sourceTree = "<group>"; };
		ED286A5A22C6C09F00DA2216 /* Base */ = {isa = PBXFileReference; lastKnownFileType = file.storyboard; name = Base; path = Base.lproj/Main.storyboard; sourceTree = "<group>"; };
		ED286A5C22C6C0A000DA2216 /* Assets.xcassets */ = {isa = PBXFileReference; lastKnownFileType = folder.assetcatalog; path = Assets.xcassets; sourceTree = "<group>"; };
		ED286A5F22C6C0A000DA2216 /* Base */ = {isa = PBXFileReference; lastKnownFileType = file.storyboard; name = Base; path = Base.lproj/LaunchScreen.storyboard; sourceTree = "<group>"; };
		ED286A6122C6C0A000DA2216 /* Info.plist */ = {isa = PBXFileReference; lastKnownFileType = text.plist.xml; path = Info.plist; sourceTree = "<group>"; };
		ED286A6722C6C2B800DA2216 /* SnakeyTableCell.swift */ = {isa = PBXFileReference; lastKnownFileType = sourcecode.swift; path = SnakeyTableCell.swift; sourceTree = "<group>"; };
/* End PBXFileReference section */

/* Begin PBXFrameworksBuildPhase section */
		ED286A4F22C6C09E00DA2216 /* Frameworks */ = {
			isa = PBXFrameworksBuildPhase;
			buildActionMask = 2147483647;
			files = (
			);
			runOnlyForDeploymentPostprocessing = 0;
		};
/* End PBXFrameworksBuildPhase section */

/* Begin PBXGroup section */
		ED286A4922C6C09E00DA2216 = {
			isa = PBXGroup;
			children = (
				ED286A5422C6C09E00DA2216 /* SnakeyTable */,
				ED286A5322C6C09E00DA2216 /* Products */,
			);
			sourceTree = "<group>";
		};
		ED286A5322C6C09E00DA2216 /* Products */ = {
			isa = PBXGroup;
			children = (
				ED286A5222C6C09E00DA2216 /* SnakeyTable.app */,
			);
			name = Products;
			sourceTree = "<group>";
		};
		ED286A5422C6C09E00DA2216 /* SnakeyTable */ = {
			isa = PBXGroup;
			children = (
				ED286A5522C6C09E00DA2216 /* AppDelegate.swift */,
				ED286A5722C6C09F00DA2216 /* HomeViewController.swift */,
				ED286A6722C6C2B800DA2216 /* SnakeyTableCell.swift */,
				ED286A5922C6C09F00DA2216 /* Main.storyboard */,
				ED286A5C22C6C0A000DA2216 /* Assets.xcassets */,
				ED286A5E22C6C0A000DA2216 /* LaunchScreen.storyboard */,
				ED286A6122C6C0A000DA2216 /* Info.plist */,
			);
			path = SnakeyTable;
			sourceTree = "<group>";
		};
/* End PBXGroup section */

/* Begin PBXNativeTarget section */
		ED286A5122C6C09E00DA2216 /* SnakeyTable */ = {
			isa = PBXNativeTarget;
			buildConfigurationList = ED286A6422C6C0A000DA2216 /* Build configuration list for PBXNativeTarget "SnakeyTable" */;
			buildPhases = (
				ED286A4E22C6C09E00DA2216 /* Sources */,
				ED286A4F22C6C09E00DA2216 /* Frameworks */,
				ED286A5022C6C09E00DA2216 /* Resources */,
			);
			buildRules = (
			);
			dependencies = (
			);
			name = SnakeyTable;
			productName = SnakeyTable;
			productReference = ED286A5222C6C09E00DA2216 /* SnakeyTable.app */;
			productType = "com.apple.product-type.application";
		};
/* End PBXNativeTarget section */

/* Begin PBXProject section */
		ED286A4A22C6C09E00DA2216 /* Project object */ = {
			isa = PBXProject;
			attributes = {
				LastSwiftUpdateCheck = 1010;
				LastUpgradeCheck = 1010;
				ORGANIZATIONNAME = Viget;
				TargetAttributes = {
					ED286A5122C6C09E00DA2216 = {
						CreatedOnToolsVersion = 10.1;
					};
				};
			};
			buildConfigurationList = ED286A4D22C6C09E00DA2216 /* Build configuration list for PBXProject "SnakeyTable" */;
			compatibilityVersion = "Xcode 9.3";
			developmentRegion = en;
			hasScannedForEncodings = 0;
			knownRegions = (
				en,
				Base,
			);
			mainGroup = ED286A4922C6C09E00DA2216;
			productRefGroup = ED286A5322C6C09E00DA2216 /* Products */;
			projectDirPath = "";
			projectRoot = "";
			targets = (
				ED286A5122C6C09E00DA2216 /* SnakeyTable */,
			);
		};
/* End PBXProject section */

/* Begin PBXResourcesBuildPhase section */
		ED286A5022C6C09E00DA2216 /* Resources */ = {
			isa = PBXResourcesBuildPhase;
			buildActionMask = 2147483647;
			files = (
				ED286A6022C6C0A000DA2216 /* LaunchScreen.storyboard in Resources */,
				ED286A5D22C6C0A000DA2216 /* Assets.xcassets in Resources */,
				ED286A5B22C6C09F00DA2216 /* Main.storyboard in Resources */,
			);
			runOnlyForDeploymentPostprocessing = 0;
		};
/* End PBXResourcesBuildPhase section */

/* Begin PBXSourcesBuildPhase section */
		ED286A4E22C6C09E00DA2216 /* Sources */ = {
			isa = PBXSourcesBuildPhase;
			buildActionMask = 2147483647;
			files = (
				ED286A5822C6C09F00DA2216 /* HomeViewController.swift in Sources */,
				ED286A6822C6C2B800DA2216 /* SnakeyTableCell.swift in Sources */,
				ED286A5622C6C09E00DA2216 /* AppDelegate.swift in Sources */,
			);
			runOnlyForDeploymentPostprocessing = 0;
		};
/* End PBXSourcesBuildPhase section */

/* Begin PBXVariantGroup section */
		ED286A5922C6C09F00DA2216 /* Main.storyboard */ = {
			isa = PBXVariantGroup;
			children = (
				ED286A5A22C6C09F00DA2216 /* Base */,
			);
			name = Main.storyboard;
			sourceTree = "<group>";
		};
		ED286A5E22C6C0A000DA2216 /* LaunchScreen.storyboard */ = {
			isa = PBXVariantGroup;
			children = (
				ED286A5F22C6C0A000DA2216 /* Base */,
			);
			name = LaunchScreen.storyboard;
			sourceTree = "<group>";
		};
/* End PBXVariantGroup section */

/* Begin XCBuildConfiguration section */
		ED286A6222C6C0A000DA2216 /* Debug */ = {
			isa = XCBuildConfiguration;
			buildSettings = {
				ALWAYS_SEARCH_USER_PATHS = NO;
				CLANG_ANALYZER_NONNULL = YES;
				CLANG_ANALYZER_NUMBER_OBJECT_CONVERSION = YES_AGGRESSIVE;
				CLANG_CXX_LANGUAGE_STANDARD = "gnu++14";
				CLANG_CXX_LIBRARY = "libc++";
				CLANG_ENABLE_MODULES = YES;
				CLANG_ENABLE_OBJC_ARC = YES;
				CLANG_ENABLE_OBJC_WEAK = YES;
				CLANG_WARN_BLOCK_CAPTURE_AUTORELEASING = YES;
				CLANG_WARN_BOOL_CONVERSION = YES;
				CLANG_WARN_COMMA = YES;
				CLANG_WARN_CONSTANT_CONVERSION = YES;
				CLANG_WARN_DEPRECATED_OBJC_IMPLEMENTATIONS = YES;
				CLANG_WARN_DIRECT_OBJC_ISA_USAGE = YES_ERROR;
				CLANG_WARN_DOCUMENTATION_COMMENTS = YES;
				CLANG_WARN_EMPTY_BODY = YES;
				CLANG_WARN_ENUM_CONVERSION = YES;
				CLANG_WARN_INFINITE_RECURSION = YES;
				CLANG_WARN_INT_CONVERSION = YES;
				CLANG_WARN_NON_LITERAL_NULL_CONVERSION = YES;
				CLANG_WARN_OBJC_IMPLICIT_RETAIN_SELF = YES;
				CLANG_WARN_OBJC_LITERAL_CONVERSION = YES;
				CLANG_WARN_OBJC_ROOT_CLASS = YES_ERROR;
				CLANG_WARN_RANGE_LOOP_ANALYSIS = YES;
				CLANG_WARN_STRICT_PROTOTYPES = YES;
				CLANG_WARN_SUSPICIOUS_MOVE = YES;
				CLANG_WARN_UNGUARDED_AVAILABILITY = YES_AGGRESSIVE;
				CLANG_WARN_UNREACHABLE_CODE = YES;
				CLANG_WARN__DUPLICATE_METHOD_MATCH = YES;
				CODE_SIGN_IDENTITY = "iPhone Developer";
				COPY_PHASE_STRIP = NO;
				DEBUG_INFORMATION_FORMAT = dwarf;
				ENABLE_STRICT_OBJC_MSGSEND = YES;
				ENABLE_TESTABILITY = YES;
				GCC_C_LANGUAGE_STANDARD = gnu11;
				GCC_DYNAMIC_NO_PIC = NO;
				GCC_NO_COMMON_BLOCKS = YES;
				GCC_OPTIMIZATION_LEVEL = 0;
				GCC_PREPROCESSOR_DEFINITIONS = (
					"DEBUG=1",
					"$(inherited)",
				);
				GCC_WARN_64_TO_32_BIT_CONVERSION = YES;
				GCC_WARN_ABOUT_RETURN_TYPE = YES_ERROR;
				GCC_WARN_UNDECLARED_SELECTOR = YES;
				GCC_WARN_UNINITIALIZED_AUTOS = YES_AGGRESSIVE;
				GCC_WARN_UNUSED_FUNCTION = YES;
				GCC_WARN_UNUSED_VARIABLE = YES;
				IPHONEOS_DEPLOYMENT_TARGET = 12.1;
				MTL_ENABLE_DEBUG_INFO = INCLUDE_SOURCE;
				MTL_FAST_MATH = YES;
				ONLY_ACTIVE_ARCH = YES;
				SDKROOT = iphoneos;
				SWIFT_ACTIVE_COMPILATION_CONDITIONS = DEBUG;
				SWIFT_OPTIMIZATION_LEVEL = "-Onone";
			};
			name = Debug;
		};
		ED286A6322C6C0A000DA2216 /* Release */ = {
			isa = XCBuildConfiguration;
			buildSettings = {
				ALWAYS_SEARCH_USER_PATHS = NO;
				CLANG_ANALYZER_NONNULL = YES;
				CLANG_ANALYZER_NUMBER_OBJECT_CONVERSION = YES_AGGRESSIVE;
				CLANG_CXX_LANGUAGE_STANDARD = "gnu++14";
				CLANG_CXX_LIBRARY = "libc++";
				CLANG_ENABLE_MODULES = YES;
				CLANG_ENABLE_OBJC_ARC = YES;
				CLANG_ENABLE_OBJC_WEAK = YES;
				CLANG_WARN_BLOCK_CAPTURE_AUTORELEASING = YES;
				CLANG_WARN_BOOL_CONVERSION = YES;
				CLANG_WARN_COMMA = YES;
				CLANG_WARN_CONSTANT_CONVERSION = YES;
				CLANG_WARN_DEPRECATED_OBJC_IMPLEMENTATIONS = YES;
				CLANG_WARN_DIRECT_OBJC_ISA_USAGE = YES_ERROR;
				CLANG_WARN_DOCUMENTATION_COMMENTS = YES;
				CLANG_WARN_EMPTY_BODY = YES;
				CLANG_WARN_ENUM_CONVERSION = YES;
				CLANG_WARN_INFINITE_RECURSION = YES;
				CLANG_WARN_INT_CONVERSION = YES;
				CLANG_WARN_NON_LITERAL_NULL_CONVERSION = YES;
				CLANG_WARN_OBJC_IMPLICIT_RETAIN_SELF = YES;
				CLANG_WARN_OBJC_LITERAL_CONVERSION = YES;
				CLANG_WARN_OBJC_ROOT_CLASS = YES_ERROR;
				CLANG_WARN_RANGE_LOOP_ANALYSIS = YES;
				CLANG_WARN_STRICT_PROTOTYPES = YES;
				CLANG_WARN_SUSPICIOUS_MOVE = YES;
				CLANG_WARN_UNGUARDED_AVAILABILITY = YES_AGGRESSIVE;
				CLANG_WARN_UNREACHABLE_CODE = YES;
				CLANG_WARN__DUPLICATE_METHOD_MATCH = YES;
				CODE_SIGN_IDENTITY = "iPhone Developer";
				COPY_PHASE_STRIP = NO;
				DEBUG_INFORMATION_FORMAT = "dwarf-with-dsym";
				ENABLE_NS_ASSERTIONS = NO;
				ENABLE_STRICT_OBJC_MSGSEND = YES;
				GCC_C_LANGUAGE_STANDARD = gnu11;
				GCC_NO_COMMON_BLOCKS = YES;
				GCC_WARN_64_TO_32_BIT_CONVERSION = YES;
				GCC_WARN_ABOUT_RETURN_TYPE = YES_ERROR;
				GCC_WARN_UNDECLARED_SELECTOR = YES;
				GCC_WARN_UNINITIALIZED_AUTOS = YES_AGGRESSIVE;
				GCC_WARN_UNUSED_FUNCTION = YES;
				GCC_WARN_UNUSED_VARIABLE = YES;
				IPHONEOS_DEPLOYMENT_TARGET = 12.1;
				MTL_ENABLE_DEBUG_INFO = NO;
				MTL_FAST_MATH = YES;
				SDKROOT = iphoneos;
				SWIFT_COMPILATION_MODE = wholemodule;
				SWIFT_OPTIMIZATION_LEVEL = "-O";
				VALIDATE_PRODUCT = YES;
			};
			name = Release;
		};
		ED286A6522C6C0A000DA2216 /* Debug */ = {
			isa = XCBuildConfiguration;
			buildSettings = {
				ASSETCATALOG_COMPILER_APPICON_NAME = AppIcon;
				CODE_SIGN_STYLE = Automatic;
				DEVELOPMENT_TEAM = JZNN87YRMJ;
				INFOPLIST_FILE = SnakeyTable/Info.plist;
				LD_RUNPATH_SEARCH_PATHS = (
					"$(inherited)",
					"@executable_path/Frameworks",
				);
				PRODUCT_BUNDLE_IDENTIFIER = com.viget.SnakeyTable;
				PRODUCT_NAME = "$(TARGET_NAME)";
				SWIFT_VERSION = 4.2;
				TARGETED_DEVICE_FAMILY = "1,2";
			};
			name = Debug;
		};
		ED286A6622C6C0A000DA2216 /* Release */ = {
			isa = XCBuildConfiguration;
			buildSettings = {
				ASSETCATALOG_COMPILER_APPICON_NAME = AppIcon;
				CODE_SIGN_STYLE = Automatic;
				DEVELOPMENT_TEAM = JZNN87YRMJ;
				INFOPLIST_FILE = SnakeyTable/Info.plist;
				LD_RUNPATH_SEARCH_PATHS = (
					"$(inherited)",
					"@executable_path/Frameworks",
				);
				PRODUCT_BUNDLE_IDENTIFIER = com.viget.SnakeyTable;
				PRODUCT_NAME = "$(TARGET_NAME)";
				SWIFT_VERSION = 4.2;
				TARGETED_DEVICE_FAMILY = "1,2";
			};
			name = Release;
		};
/* End XCBuildConfiguration section */

/* Begin XCConfigurationList section */
		ED286A4D22C6C09E00DA2216 /* Build configuration list for PBXProject "SnakeyTable" */ = {
			isa = XCConfigurationList;
			buildConfigurations = (
				ED286A6222C6C0A000DA2216 /* Debug */,
				ED286A6322C6C0A000DA2216 /* Release */,
			);
			defaultConfigurationIsVisible = 0;
			defaultConfigurationName = Release;
		};
		ED286A6422C6C0A000DA2216 /* Build configuration list for PBXNativeTarget "SnakeyTable" */ = {
			isa = XCConfigurationList;
			buildConfigurations = (
				ED286A6522C6C0A000DA2216 /* Debug */,
				ED286A6622C6C0A000DA2216 /* Release */,
			);
			defaultConfigurationIsVisible = 0;
			defaultConfigurationName = Release;
		};
/* End XCConfigurationList section */
	};
	rootObject = ED286A4A22C6C09E00DA2216 /* Project object */;
}
